
Microsoft Visual Studio Solution File, Format Version 11.00
# Visual Studio 2010
Project("{FAE04EC0-301F-11D3-BF4B-00C04F79EFBC}") = "eggsss", "eggsss\eggsss\eggsss.csproj", "{44FB6891-9B12-49E0-BB6F-4FDE42A67683}"
EndProject
Project("{96E2B04D-8817-42C6-938A-82C39BA4D311}") = "eggsssContent", "eggsss\eggsssContent\eggsssContent.contentproj", "{07B2B904-886D-4FFF-8FC0-CAE086BBCA19}"
EndProject
Global
	GlobalSection(SolutionConfigurationPlatforms) = preSolution
		Debug|x86 = Debug|x86
		Release|x86 = Release|x86
	EndGlobalSection
	GlobalSection(ProjectConfigurationPlatforms) = postSolution
		{44FB6891-9B12-49E0-BB6F-4FDE42A67683}.Debug|x86.ActiveCfg = Debug|x86
		{44FB6891-9B12-49E0-BB6F-4FDE42A67683}.Debug|x86.Build.0 = Debug|x86
		{44FB6891-9B12-49E0-BB6F-4FDE42A67683}.Release|x86.ActiveCfg = Release|x86
		{44FB6891-9B12-49E0-BB6F-4FDE42A67683}.Release|x86.Build.0 = Release|x86
		{07B2B904-886D-4FFF-8FC0-CAE086BBCA19}.Debug|x86.ActiveCfg = Debug|x86
		{07B2B904-886D-4FFF-8FC0-CAE086BBCA19}.Release|x86.ActiveCfg = Release|x86
	EndGlobalSection
	GlobalSection(SolutionProperties) = preSolution
		HideSolutionNode = FALSE
	EndGlobalSection
EndGlobal
